
Microsoft Visual Studio Solution File, Format Version 12.00
# Visual Studio 15
VisualStudioVersion = 15.0.28010.2003
MinimumVisualStudioVersion = 10.0.40219.1
Project("{FAE04EC0-301F-11D3-BF4B-00C04F79EFBC}") = "Excel", "Excel\Excel.csproj", "{D64F7E42-974E-4CDF-B352-093F45B8407A}"
EndProject
Project("{FAE04EC0-301F-11D3-BF4B-00C04F79EFBC}") = "CountriesJSON", "Страны JSON\CountriesJSON.csproj", "{5D64BD40-A97D-4EDA-9E02-05E823D46FF8}"
EndProject
Project("{9A19103F-16F7-4668-BE54-9A1E7A4F7556}") = "NumbersTest", "NumbersTest\NumbersTest.csproj", "{1DFA8E2B-3C57-479D-9288-FEA0E949AB7C}"
EndProject
Project("{FAE04EC0-301F-11D3-BF4B-00C04F79EFBC}") = "Numbers", "Numbers\Numbers.csproj", "{596B9EEF-466A-4D1D-9DE8-DE53A5006B2B}"
EndProject
Global
	GlobalSection(SolutionConfigurationPlatforms) = preSolution
		Debug|Any CPU = Debug|Any CPU
		Release|Any CPU = Release|Any CPU
	EndGlobalSection
	GlobalSection(ProjectConfigurationPlatforms) = postSolution
		{D64F7E42-974E-4CDF-B352-093F45B8407A}.Debug|Any CPU.ActiveCfg = Debug|Any CPU
		{D64F7E42-974E-4CDF-B352-093F45B8407A}.Debug|Any CPU.Build.0 = Debug|Any CPU
		{D64F7E42-974E-4CDF-B352-093F45B8407A}.Release|Any CPU.ActiveCfg = Release|Any CPU
		{D64F7E42-974E-4CDF-B352-093F45B8407A}.Release|Any CPU.Build.0 = Release|Any CPU
		{5D64BD40-A97D-4EDA-9E02-05E823D46FF8}.Debug|Any CPU.ActiveCfg = Debug|Any CPU
		{5D64BD40-A97D-4EDA-9E02-05E823D46FF8}.Debug|Any CPU.Build.0 = Debug|Any CPU
		{5D64BD40-A97D-4EDA-9E02-05E823D46FF8}.Release|Any CPU.ActiveCfg = Release|Any CPU
		{5D64BD40-A97D-4EDA-9E02-05E823D46FF8}.Release|Any CPU.Build.0 = Release|Any CPU
		{1DFA8E2B-3C57-479D-9288-FEA0E949AB7C}.Debug|Any CPU.ActiveCfg = Debug|Any CPU
		{1DFA8E2B-3C57-479D-9288-FEA0E949AB7C}.Debug|Any CPU.Build.0 = Debug|Any CPU
		{1DFA8E2B-3C57-479D-9288-FEA0E949AB7C}.Release|Any CPU.ActiveCfg = Release|Any CPU
		{1DFA8E2B-3C57-479D-9288-FEA0E949AB7C}.Release|Any CPU.Build.0 = Release|Any CPU
		{596B9EEF-466A-4D1D-9DE8-DE53A5006B2B}.Debug|Any CPU.ActiveCfg = Debug|Any CPU
		{596B9EEF-466A-4D1D-9DE8-DE53A5006B2B}.Debug|Any CPU.Build.0 = Debug|Any CPU
		{596B9EEF-466A-4D1D-9DE8-DE53A5006B2B}.Release|Any CPU.ActiveCfg = Release|Any CPU
		{596B9EEF-466A-4D1D-9DE8-DE53A5006B2B}.Release|Any CPU.Build.0 = Release|Any CPU
	EndGlobalSection
	GlobalSection(SolutionProperties) = preSolution
		HideSolutionNode = FALSE
	EndGlobalSection
	GlobalSection(ExtensibilityGlobals) = postSolution
		SolutionGuid = {210C1928-FA9D-4FC3-B5FF-652A363856F4}
	EndGlobalSection
EndGlobal
